// !$*UTF8*$!
{
	archiveVersion = 1;
	classes = {
	};
	objectVersion = 50;
	objects = {

/* Begin PBXBuildFile section */
		2905685D23F6EEEA000B9408 /* WeatherManager.swift in Sources */ = {isa = PBXBuildFile; fileRef = 2905685C23F6EEEA000B9408 /* WeatherManager.swift */; };
		2905685F23F6F228000B9408 /* WeatherData.swift in Sources */ = {isa = PBXBuildFile; fileRef = 2905685E23F6F228000B9408 /* WeatherData.swift */; };
		293FC1B323F475A300633409 /* AppDelegate.swift in Sources */ = {isa = PBXBuildFile; fileRef = 293FC1B223F475A300633409 /* AppDelegate.swift */; };
		293FC1B523F475A300633409 /* SceneDelegate.swift in Sources */ = {isa = PBXBuildFile; fileRef = 293FC1B423F475A300633409 /* SceneDelegate.swift */; };
		293FC1B723F475A300633409 /* WeatherController.swift in Sources */ = {isa = PBXBuildFile; fileRef = 293FC1B623F475A300633409 /* WeatherController.swift */; };
		293FC1BA23F475A300633409 /* Main.storyboard in Resources */ = {isa = PBXBuildFile; fileRef = 293FC1B823F475A300633409 /* Main.storyboard */; };
		293FC1BC23F475A600633409 /* Assets.xcassets in Resources */ = {isa = PBXBuildFile; fileRef = 293FC1BB23F475A600633409 /* Assets.xcassets */; };
		293FC1BF23F475A600633409 /* LaunchScreen.storyboard in Resources */ = {isa = PBXBuildFile; fileRef = 293FC1BD23F475A600633409 /* LaunchScreen.storyboard */; };
		2987CB5123F73DB700F36683 /* WeatherModel.swift in Sources */ = {isa = PBXBuildFile; fileRef = 2987CB5023F73DB700F36683 /* WeatherModel.swift */; };
/* End PBXBuildFile section */

/* Begin PBXFileReference section */
		2905685C23F6EEEA000B9408 /* WeatherManager.swift */ = {isa = PBXFileReference; lastKnownFileType = sourcecode.swift; path = WeatherManager.swift; sourceTree = "<group>"; };
		2905685E23F6F228000B9408 /* WeatherData.swift */ = {isa = PBXFileReference; lastKnownFileType = sourcecode.swift; path = WeatherData.swift; sourceTree = "<group>"; };
		293FC1AF23F475A300633409 /* Weather.app */ = {isa = PBXFileReference; explicitFileType = wrapper.application; includeInIndex = 0; path = Weather.app; sourceTree = BUILT_PRODUCTS_DIR; };
		293FC1B223F475A300633409 /* AppDelegate.swift */ = {isa = PBXFileReference; lastKnownFileType = sourcecode.swift; path = AppDelegate.swift; sourceTree = "<group>"; };
		293FC1B423F475A300633409 /* SceneDelegate.swift */ = {isa = PBXFileReference; lastKnownFileType = sourcecode.swift; path = SceneDelegate.swift; sourceTree = "<group>"; };
		293FC1B623F475A300633409 /* WeatherController.swift */ = {isa = PBXFileReference; lastKnownFileType = sourcecode.swift; path = WeatherController.swift; sourceTree = "<group>"; };
		293FC1B923F475A300633409 /* Base */ = {isa = PBXFileReference; lastKnownFileType = file.storyboard; name = Base; path = Base.lproj/Main.storyboard; sourceTree = "<group>"; };
		293FC1BB23F475A600633409 /* Assets.xcassets */ = {isa = PBXFileReference; lastKnownFileType = folder.assetcatalog; path = Assets.xcassets; sourceTree = "<group>"; };
		293FC1BE23F475A600633409 /* Base */ = {isa = PBXFileReference; lastKnownFileType = file.storyboard; name = Base; path = Base.lproj/LaunchScreen.storyboard; sourceTree = "<group>"; };
		293FC1C023F475A600633409 /* Info.plist */ = {isa = PBXFileReference; lastKnownFileType = text.plist.xml; path = Info.plist; sourceTree = "<group>"; };
		2987CB5023F73DB700F36683 /* WeatherModel.swift */ = {isa = PBXFileReference; lastKnownFileType = sourcecode.swift; path = WeatherModel.swift; sourceTree = "<group>"; };
/* End PBXFileReference section */

/* Begin PBXFrameworksBuildPhase section */
		293FC1AC23F475A300633409 /* Frameworks */ = {
			isa = PBXFrameworksBuildPhase;
			buildActionMask = 2147483647;
			files = (
			);
			runOnlyForDeploymentPostprocessing = 0;
		};
/* End PBXFrameworksBuildPhase section */

/* Begin PBXGroup section */
		2905685B23F6EEB9000B9408 /* Model */ = {
			isa = PBXGroup;
			children = (
				2905685C23F6EEEA000B9408 /* WeatherManager.swift */,
				2905685E23F6F228000B9408 /* WeatherData.swift */,
				2987CB5023F73DB700F36683 /* WeatherModel.swift */,
			);
			path = Model;
			sourceTree = "<group>";
		};
		293FC1A623F475A300633409 = {
			isa = PBXGroup;
			children = (
				293FC1B123F475A300633409 /* Weather */,
				293FC1B023F475A300633409 /* Products */,
			);
			sourceTree = "<group>";
		};
		293FC1B023F475A300633409 /* Products */ = {
			isa = PBXGroup;
			children = (
				293FC1AF23F475A300633409 /* Weather.app */,
			);
			name = Products;
			sourceTree = "<group>";
		};
		293FC1B123F475A300633409 /* Weather */ = {
			isa = PBXGroup;
			children = (
				293FC1B223F475A300633409 /* AppDelegate.swift */,
				293FC1B423F475A300633409 /* SceneDelegate.swift */,
				2905685B23F6EEB9000B9408 /* Model */,
				299B88E323F4997D0086ECD0 /* View */,
				299B88E423F4998A0086ECD0 /* Controller */,
				293FC1BB23F475A600633409 /* Assets.xcassets */,
				293FC1BD23F475A600633409 /* LaunchScreen.storyboard */,
				293FC1C023F475A600633409 /* Info.plist */,
			);
			path = Weather;
			sourceTree = "<group>";
		};
		299B88E323F4997D0086ECD0 /* View */ = {
			isa = PBXGroup;
			children = (
				293FC1B823F475A300633409 /* Main.storyboard */,
			);
			path = View;
			sourceTree = "<group>";
		};
		299B88E423F4998A0086ECD0 /* Controller */ = {
			isa = PBXGroup;
			children = (
				293FC1B623F475A300633409 /* WeatherController.swift */,
			);
			path = Controller;
			sourceTree = "<group>";
		};
/* End PBXGroup section */

/* Begin PBXNativeTarget section */
		293FC1AE23F475A300633409 /* Weather */ = {
			isa = PBXNativeTarget;
			buildConfigurationList = 293FC1C323F475A600633409 /* Build configuration list for PBXNativeTarget "Weather" */;
			buildPhases = (
				293FC1AB23F475A300633409 /* Sources */,
				293FC1AC23F475A300633409 /* Frameworks */,
				293FC1AD23F475A300633409 /* Resources */,
			);
			buildRules = (
			);
			dependencies = (
			);
			name = Weather;
			productName = Weather;
			productReference = 293FC1AF23F475A300633409 /* Weather.app */;
			productType = "com.apple.product-type.application";
		};
/* End PBXNativeTarget section */

/* Begin PBXProject section */
		293FC1A723F475A300633409 /* Project object */ = {
			isa = PBXProject;
			attributes = {
				LastSwiftUpdateCheck = 1130;
				LastUpgradeCheck = 1130;
				ORGANIZATIONNAME = "Александров Денис Александрович";
				TargetAttributes = {
					293FC1AE23F475A300633409 = {
						CreatedOnToolsVersion = 11.3.1;
					};
				};
			};
			buildConfigurationList = 293FC1AA23F475A300633409 /* Build configuration list for PBXProject "Weather" */;
			compatibilityVersion = "Xcode 9.3";
			developmentRegion = en;
			hasScannedForEncodings = 0;
			knownRegions = (
				en,
				Base,
			);
			mainGroup = 293FC1A623F475A300633409;
			productRefGroup = 293FC1B023F475A300633409 /* Products */;
			projectDirPath = "";
			projectRoot = "";
			targets = (
				293FC1AE23F475A300633409 /* Weather */,
			);
		};
/* End PBXProject section */

/* Begin PBXResourcesBuildPhase section */
		293FC1AD23F475A300633409 /* Resources */ = {
			isa = PBXResourcesBuildPhase;
			buildActionMask = 2147483647;
			files = (
				293FC1BF23F475A600633409 /* LaunchScreen.storyboard in Resources */,
				293FC1BC23F475A600633409 /* Assets.xcassets in Resources */,
				293FC1BA23F475A300633409 /* Main.storyboard in Resources */,
			);
			runOnlyForDeploymentPostprocessing = 0;
		};
/* End PBXResourcesBuildPhase section */

/* Begin PBXSourcesBuildPhase section */
		293FC1AB23F475A300633409 /* Sources */ = {
			isa = PBXSourcesBuildPhase;
			buildActionMask = 2147483647;
			files = (
				293FC1B723F475A300633409 /* WeatherController.swift in Sources */,
				2905685F23F6F228000B9408 /* WeatherData.swift in Sources */,
				293FC1B323F475A300633409 /* AppDelegate.swift in Sources */,
				2905685D23F6EEEA000B9408 /* WeatherManager.swift in Sources */,
				2987CB5123F73DB700F36683 /* WeatherModel.swift in Sources */,
				293FC1B523F475A300633409 /* SceneDelegate.swift in Sources */,
			);
			runOnlyForDeploymentPostprocessing = 0;
		};
/* End PBXSourcesBuildPhase section */

/* Begin PBXVariantGroup section */
		293FC1B823F475A300633409 /* Main.storyboard */ = {
			isa = PBXVariantGroup;
			children = (
				293FC1B923F475A300633409 /* Base */,
			);
			name = Main.storyboard;
			sourceTree = "<group>";
		};
		293FC1BD23F475A600633409 /* LaunchScreen.storyboard */ = {
			isa = PBXVariantGroup;
			children = (
				293FC1BE23F475A600633409 /* Base */,
			);
			name = LaunchScreen.storyboard;
			sourceTree = "<group>";
		};
/* End PBXVariantGroup section */

/* Begin XCBuildConfiguration section */
		293FC1C123F475A600633409 /* Debug */ = {
			isa = XCBuildConfiguration;
			buildSettings = {
				ALWAYS_SEARCH_USER_PATHS = NO;
				CLANG_ANALYZER_NONNULL = YES;
				CLANG_ANALYZER_NUMBER_OBJECT_CONVERSION = YES_AGGRESSIVE;
				CLANG_CXX_LANGUAGE_STANDARD = "gnu++14";
				CLANG_CXX_LIBRARY = "libc++";
				CLANG_ENABLE_MODULES = YES;
				CLANG_ENABLE_OBJC_ARC = YES;
				CLANG_ENABLE_OBJC_WEAK = YES;
				CLANG_WARN_BLOCK_CAPTURE_AUTORELEASING = YES;
				CLANG_WARN_BOOL_CONVERSION = YES;
				CLANG_WARN_COMMA = YES;
				CLANG_WARN_CONSTANT_CONVERSION = YES;
				CLANG_WARN_DEPRECATED_OBJC_IMPLEMENTATIONS = YES;
				CLANG_WARN_DIRECT_OBJC_ISA_USAGE = YES_ERROR;
				CLANG_WARN_DOCUMENTATION_COMMENTS = YES;
				CLANG_WARN_EMPTY_BODY = YES;
				CLANG_WARN_ENUM_CONVERSION = YES;
				CLANG_WARN_INFINITE_RECURSION = YES;
				CLANG_WARN_INT_CONVERSION = YES;
				CLANG_WARN_NON_LITERAL_NULL_CONVERSION = YES;
				CLANG_WARN_OBJC_IMPLICIT_RETAIN_SELF = YES;
				CLANG_WARN_OBJC_LITERAL_CONVERSION = YES;
				CLANG_WARN_OBJC_ROOT_CLASS = YES_ERROR;
				CLANG_WARN_RANGE_LOOP_ANALYSIS = YES;
				CLANG_WARN_STRICT_PROTOTYPES = YES;
				CLANG_WARN_SUSPICIOUS_MOVE = YES;
				CLANG_WARN_UNGUARDED_AVAILABILITY = YES_AGGRESSIVE;
				CLANG_WARN_UNREACHABLE_CODE = YES;
				CLANG_WARN__DUPLICATE_METHOD_MATCH = YES;
				COPY_PHASE_STRIP = NO;
				DEBUG_INFORMATION_FORMAT = dwarf;
				ENABLE_STRICT_OBJC_MSGSEND = YES;
				ENABLE_TESTABILITY = YES;
				GCC_C_LANGUAGE_STANDARD = gnu11;
				GCC_DYNAMIC_NO_PIC = NO;
				GCC_NO_COMMON_BLOCKS = YES;
				GCC_OPTIMIZATION_LEVEL = 0;
				GCC_PREPROCESSOR_DEFINITIONS = (
					"DEBUG=1",
					"$(inherited)",
				);
				GCC_WARN_64_TO_32_BIT_CONVERSION = YES;
				GCC_WARN_ABOUT_RETURN_TYPE = YES_ERROR;
				GCC_WARN_UNDECLARED_SELECTOR = YES;
				GCC_WARN_UNINITIALIZED_AUTOS = YES_AGGRESSIVE;
				GCC_WARN_UNUSED_FUNCTION = YES;
				GCC_WARN_UNUSED_VARIABLE = YES;
				IPHONEOS_DEPLOYMENT_TARGET = 13.2;
				MTL_ENABLE_DEBUG_INFO = INCLUDE_SOURCE;
				MTL_FAST_MATH = YES;
				ONLY_ACTIVE_ARCH = YES;
				SDKROOT = iphoneos;
				SWIFT_ACTIVE_COMPILATION_CONDITIONS = DEBUG;
				SWIFT_OPTIMIZATION_LEVEL = "-Onone";
			};
			name = Debug;
		};
		293FC1C223F475A600633409 /* Release */ = {
			isa = XCBuildConfiguration;
			buildSettings = {
				ALWAYS_SEARCH_USER_PATHS = NO;
				CLANG_ANALYZER_NONNULL = YES;
				CLANG_ANALYZER_NUMBER_OBJECT_CONVERSION = YES_AGGRESSIVE;
				CLANG_CXX_LANGUAGE_STANDARD = "gnu++14";
				CLANG_CXX_LIBRARY = "libc++";
				CLANG_ENABLE_MODULES = YES;
				CLANG_ENABLE_OBJC_ARC = YES;
				CLANG_ENABLE_OBJC_WEAK = YES;
				CLANG_WARN_BLOCK_CAPTURE_AUTORELEASING = YES;
				CLANG_WARN_BOOL_CONVERSION = YES;
				CLANG_WARN_COMMA = YES;
				CLANG_WARN_CONSTANT_CONVERSION = YES;
				CLANG_WARN_DEPRECATED_OBJC_IMPLEMENTATIONS = YES;
				CLANG_WARN_DIRECT_OBJC_ISA_USAGE = YES_ERROR;
				CLANG_WARN_DOCUMENTATION_COMMENTS = YES;
				CLANG_WARN_EMPTY_BODY = YES;
				CLANG_WARN_ENUM_CONVERSION = YES;
				CLANG_WARN_INFINITE_RECURSION = YES;
				CLANG_WARN_INT_CONVERSION = YES;
				CLANG_WARN_NON_LITERAL_NULL_CONVERSION = YES;
				CLANG_WARN_OBJC_IMPLICIT_RETAIN_SELF = YES;
				CLANG_WARN_OBJC_LITERAL_CONVERSION = YES;
				CLANG_WARN_OBJC_ROOT_CLASS = YES_ERROR;
				CLANG_WARN_RANGE_LOOP_ANALYSIS = YES;
				CLANG_WARN_STRICT_PROTOTYPES = YES;
				CLANG_WARN_SUSPICIOUS_MOVE = YES;
				CLANG_WARN_UNGUARDED_AVAILABILITY = YES_AGGRESSIVE;
				CLANG_WARN_UNREACHABLE_CODE = YES;
				CLANG_WARN__DUPLICATE_METHOD_MATCH = YES;
				COPY_PHASE_STRIP = NO;
				DEBUG_INFORMATION_FORMAT = "dwarf-with-dsym";
				ENABLE_NS_ASSERTIONS = NO;
				ENABLE_STRICT_OBJC_MSGSEND = YES;
				GCC_C_LANGUAGE_STANDARD = gnu11;
				GCC_NO_COMMON_BLOCKS = YES;
				GCC_WARN_64_TO_32_BIT_CONVERSION = YES;
				GCC_WARN_ABOUT_RETURN_TYPE = YES_ERROR;
				GCC_WARN_UNDECLARED_SELECTOR = YES;
				GCC_WARN_UNINITIALIZED_AUTOS = YES_AGGRESSIVE;
				GCC_WARN_UNUSED_FUNCTION = YES;
				GCC_WARN_UNUSED_VARIABLE = YES;
				IPHONEOS_DEPLOYMENT_TARGET = 13.2;
				MTL_ENABLE_DEBUG_INFO = NO;
				MTL_FAST_MATH = YES;
				SDKROOT = iphoneos;
				SWIFT_COMPILATION_MODE = wholemodule;
				SWIFT_OPTIMIZATION_LEVEL = "-O";
				VALIDATE_PRODUCT = YES;
			};
			name = Release;
		};
		293FC1C423F475A600633409 /* Debug */ = {
			isa = XCBuildConfiguration;
			buildSettings = {
				ASSETCATALOG_COMPILER_APPICON_NAME = AppIcon;
				CODE_SIGN_STYLE = Automatic;
				DEVELOPMENT_TEAM = U6U7U5CXA5;
				INFOPLIST_FILE = Weather/Info.plist;
				LD_RUNPATH_SEARCH_PATHS = (
					"$(inherited)",
					"@executable_path/Frameworks",
				);
				PRODUCT_BUNDLE_IDENTIFIER = com.denchiklut.Weather;
				PRODUCT_NAME = "$(TARGET_NAME)";
				SWIFT_VERSION = 5.0;
				TARGETED_DEVICE_FAMILY = "1,2";
			};
			name = Debug;
		};
		293FC1C523F475A600633409 /* Release */ = {
			isa = XCBuildConfiguration;
			buildSettings = {
				ASSETCATALOG_COMPILER_APPICON_NAME = AppIcon;
				CODE_SIGN_STYLE = Automatic;
				DEVELOPMENT_TEAM = U6U7U5CXA5;
				INFOPLIST_FILE = Weather/Info.plist;
				LD_RUNPATH_SEARCH_PATHS = (
					"$(inherited)",
					"@executable_path/Frameworks",
				);
				PRODUCT_BUNDLE_IDENTIFIER = com.denchiklut.Weather;
				PRODUCT_NAME = "$(TARGET_NAME)";
				SWIFT_VERSION = 5.0;
				TARGETED_DEVICE_FAMILY = "1,2";
			};
			name = Release;
		};
/* End XCBuildConfiguration section */

/* Begin XCConfigurationList section */
		293FC1AA23F475A300633409 /* Build configuration list for PBXProject "Weather" */ = {
			isa = XCConfigurationList;
			buildConfigurations = (
				293FC1C123F475A600633409 /* Debug */,
				293FC1C223F475A600633409 /* Release */,
			);
			defaultConfigurationIsVisible = 0;
			defaultConfigurationName = Release;
		};
		293FC1C323F475A600633409 /* Build configuration list for PBXNativeTarget "Weather" */ = {
			isa = XCConfigurationList;
			buildConfigurations = (
				293FC1C423F475A600633409 /* Debug */,
				293FC1C523F475A600633409 /* Release */,
			);
			defaultConfigurationIsVisible = 0;
			defaultConfigurationName = Release;
		};
/* End XCConfigurationList section */
	};
	rootObject = 293FC1A723F475A300633409 /* Project object */;
}
